
Microsoft Visual Studio Solution File, Format Version 12.00
# Visual Studio 2013
VisualStudioVersion = 12.0.40629.0
MinimumVisualStudioVersion = 10.0.40219.1
Project("{FAE04EC0-301F-11D3-BF4B-00C04F79EFBC}") = "SearchLang", "SearchLang\SearchLang.csproj", "{C522AE42-0900-499E-9A83-3E18289CA85F}"
EndProject
Project("{FAE04EC0-301F-11D3-BF4B-00C04F79EFBC}") = "CustomSearch.data", "CustomSearch.data\CustomSearch.data.csproj", "{F2FB4BD1-4C66-4E36-8B05-A2F0B5D2497D}"
EndProject
Project("{FAE04EC0-301F-11D3-BF4B-00C04F79EFBC}") = "DeepThought.Web", "ScioAssistant\DeepThought.Web.csproj", "{E953BC41-F8BA-4679-8941-6ABA9736A7D3}"
EndProject
Project("{FAE04EC0-301F-11D3-BF4B-00C04F79EFBC}") = "ScioAssistantPhone", "ScioAssistantPhone\ScioAssistantPhone.csproj", "{28DDC4B6-D3B0-478D-9849-49D0798EE115}"
EndProject
Project("{FAE04EC0-301F-11D3-BF4B-00C04F79EFBC}") = "DeepThought.SmartAgent", "ScioAssistant.SmartAgent\DeepThought.SmartAgent.csproj", "{AD2C946D-11C0-45D1-ABEC-524E373D15EB}"
EndProject
Global
	GlobalSection(SolutionConfigurationPlatforms) = preSolution
		Debug|Any CPU = Debug|Any CPU
		Debug|ARM = Debug|ARM
		Debug|x86 = Debug|x86
		Release|Any CPU = Release|Any CPU
		Release|ARM = Release|ARM
		Release|x86 = Release|x86
	EndGlobalSection
	GlobalSection(ProjectConfigurationPlatforms) = postSolution
		{C522AE42-0900-499E-9A83-3E18289CA85F}.Debug|Any CPU.ActiveCfg = Debug|Any CPU
		{C522AE42-0900-499E-9A83-3E18289CA85F}.Debug|Any CPU.Build.0 = Debug|Any CPU
		{C522AE42-0900-499E-9A83-3E18289CA85F}.Debug|ARM.ActiveCfg = Debug|Any CPU
		{C522AE42-0900-499E-9A83-3E18289CA85F}.Debug|x86.ActiveCfg = Debug|Any CPU
		{C522AE42-0900-499E-9A83-3E18289CA85F}.Release|Any CPU.ActiveCfg = Release|Any CPU
		{C522AE42-0900-499E-9A83-3E18289CA85F}.Release|Any CPU.Build.0 = Release|Any CPU
		{C522AE42-0900-499E-9A83-3E18289CA85F}.Release|ARM.ActiveCfg = Release|Any CPU
		{C522AE42-0900-499E-9A83-3E18289CA85F}.Release|x86.ActiveCfg = Release|Any CPU
		{F2FB4BD1-4C66-4E36-8B05-A2F0B5D2497D}.Debug|Any CPU.ActiveCfg = Debug|Any CPU
		{F2FB4BD1-4C66-4E36-8B05-A2F0B5D2497D}.Debug|Any CPU.Build.0 = Debug|Any CPU
		{F2FB4BD1-4C66-4E36-8B05-A2F0B5D2497D}.Debug|ARM.ActiveCfg = Debug|Any CPU
		{F2FB4BD1-4C66-4E36-8B05-A2F0B5D2497D}.Debug|x86.ActiveCfg = Debug|Any CPU
		{F2FB4BD1-4C66-4E36-8B05-A2F0B5D2497D}.Release|Any CPU.ActiveCfg = Release|Any CPU
		{F2FB4BD1-4C66-4E36-8B05-A2F0B5D2497D}.Release|Any CPU.Build.0 = Release|Any CPU
		{F2FB4BD1-4C66-4E36-8B05-A2F0B5D2497D}.Release|ARM.ActiveCfg = Release|Any CPU
		{F2FB4BD1-4C66-4E36-8B05-A2F0B5D2497D}.Release|x86.ActiveCfg = Release|Any CPU
		{E953BC41-F8BA-4679-8941-6ABA9736A7D3}.Debug|Any CPU.ActiveCfg = Debug|Any CPU
		{E953BC41-F8BA-4679-8941-6ABA9736A7D3}.Debug|Any CPU.Build.0 = Debug|Any CPU
		{E953BC41-F8BA-4679-8941-6ABA9736A7D3}.Debug|ARM.ActiveCfg = Debug|Any CPU
		{E953BC41-F8BA-4679-8941-6ABA9736A7D3}.Debug|x86.ActiveCfg = Debug|Any CPU
		{E953BC41-F8BA-4679-8941-6ABA9736A7D3}.Release|Any CPU.ActiveCfg = Release|Any CPU
		{E953BC41-F8BA-4679-8941-6ABA9736A7D3}.Release|Any CPU.Build.0 = Release|Any CPU
		{E953BC41-F8BA-4679-8941-6ABA9736A7D3}.Release|ARM.ActiveCfg = Release|Any CPU
		{E953BC41-F8BA-4679-8941-6ABA9736A7D3}.Release|x86.ActiveCfg = Release|Any CPU
		{28DDC4B6-D3B0-478D-9849-49D0798EE115}.Debug|Any CPU.ActiveCfg = Debug|Any CPU
		{28DDC4B6-D3B0-478D-9849-49D0798EE115}.Debug|Any CPU.Build.0 = Debug|Any CPU
		{28DDC4B6-D3B0-478D-9849-49D0798EE115}.Debug|Any CPU.Deploy.0 = Debug|Any CPU
		{28DDC4B6-D3B0-478D-9849-49D0798EE115}.Debug|ARM.ActiveCfg = Debug|ARM
		{28DDC4B6-D3B0-478D-9849-49D0798EE115}.Debug|ARM.Build.0 = Debug|ARM
		{28DDC4B6-D3B0-478D-9849-49D0798EE115}.Debug|ARM.Deploy.0 = Debug|ARM
		{28DDC4B6-D3B0-478D-9849-49D0798EE115}.Debug|x86.ActiveCfg = Debug|x86
		{28DDC4B6-D3B0-478D-9849-49D0798EE115}.Debug|x86.Build.0 = Debug|x86
		{28DDC4B6-D3B0-478D-9849-49D0798EE115}.Debug|x86.Deploy.0 = Debug|x86
		{28DDC4B6-D3B0-478D-9849-49D0798EE115}.Release|Any CPU.ActiveCfg = Release|Any CPU
		{28DDC4B6-D3B0-478D-9849-49D0798EE115}.Release|Any CPU.Build.0 = Release|Any CPU
		{28DDC4B6-D3B0-478D-9849-49D0798EE115}.Release|Any CPU.Deploy.0 = Release|Any CPU
		{28DDC4B6-D3B0-478D-9849-49D0798EE115}.Release|ARM.ActiveCfg = Release|ARM
		{28DDC4B6-D3B0-478D-9849-49D0798EE115}.Release|ARM.Build.0 = Release|ARM
		{28DDC4B6-D3B0-478D-9849-49D0798EE115}.Release|ARM.Deploy.0 = Release|ARM
		{28DDC4B6-D3B0-478D-9849-49D0798EE115}.Release|x86.ActiveCfg = Release|x86
		{28DDC4B6-D3B0-478D-9849-49D0798EE115}.Release|x86.Build.0 = Release|x86
		{28DDC4B6-D3B0-478D-9849-49D0798EE115}.Release|x86.Deploy.0 = Release|x86
		{AD2C946D-11C0-45D1-ABEC-524E373D15EB}.Debug|Any CPU.ActiveCfg = Debug|Any CPU
		{AD2C946D-11C0-45D1-ABEC-524E373D15EB}.Debug|Any CPU.Build.0 = Debug|Any CPU
		{AD2C946D-11C0-45D1-ABEC-524E373D15EB}.Debug|ARM.ActiveCfg = Debug|Any CPU
		{AD2C946D-11C0-45D1-ABEC-524E373D15EB}.Debug|x86.ActiveCfg = Debug|Any CPU
		{AD2C946D-11C0-45D1-ABEC-524E373D15EB}.Release|Any CPU.ActiveCfg = Release|Any CPU
		{AD2C946D-11C0-45D1-ABEC-524E373D15EB}.Release|Any CPU.Build.0 = Release|Any CPU
		{AD2C946D-11C0-45D1-ABEC-524E373D15EB}.Release|ARM.ActiveCfg = Release|Any CPU
		{AD2C946D-11C0-45D1-ABEC-524E373D15EB}.Release|x86.ActiveCfg = Release|Any CPU
	EndGlobalSection
	GlobalSection(SolutionProperties) = preSolution
		HideSolutionNode = FALSE
	EndGlobalSection
EndGlobal
