
Microsoft Visual Studio Solution File, Format Version 12.00
# Visual Studio 2013
VisualStudioVersion = 12.0.21005.1
MinimumVisualStudioVersion = 10.0.40219.1
Project("{FAE04EC0-301F-11D3-BF4B-00C04F79EFBC}") = "CustomSearch", "CustomSearch\CustomSearch.csproj", "{AD13CD62-6401-463D-A1E1-7D748E09505F}"
EndProject
Project("{FAE04EC0-301F-11D3-BF4B-00C04F79EFBC}") = "SearchLang", "SearchLang\SearchLang.csproj", "{C522AE42-0900-499E-9A83-3E18289CA85F}"
EndProject
Project("{FAE04EC0-301F-11D3-BF4B-00C04F79EFBC}") = "CustomSearch.data", "CustomSearch.data\CustomSearch.data.csproj", "{F2FB4BD1-4C66-4E36-8B05-A2F0B5D2497D}"
EndProject
Project("{FAE04EC0-301F-11D3-BF4B-00C04F79EFBC}") = "ScioAssistant", "ScioAssistant\ScioAssistant.csproj", "{E953BC41-F8BA-4679-8941-6ABA9736A7D3}"
EndProject
Global
	GlobalSection(SolutionConfigurationPlatforms) = preSolution
		Debug|Any CPU = Debug|Any CPU
		Release|Any CPU = Release|Any CPU
	EndGlobalSection
	GlobalSection(ProjectConfigurationPlatforms) = postSolution
		{AD13CD62-6401-463D-A1E1-7D748E09505F}.Debug|Any CPU.ActiveCfg = Debug|Any CPU
		{AD13CD62-6401-463D-A1E1-7D748E09505F}.Debug|Any CPU.Build.0 = Debug|Any CPU
		{AD13CD62-6401-463D-A1E1-7D748E09505F}.Release|Any CPU.ActiveCfg = Release|Any CPU
		{AD13CD62-6401-463D-A1E1-7D748E09505F}.Release|Any CPU.Build.0 = Release|Any CPU
		{C522AE42-0900-499E-9A83-3E18289CA85F}.Debug|Any CPU.ActiveCfg = Debug|Any CPU
		{C522AE42-0900-499E-9A83-3E18289CA85F}.Debug|Any CPU.Build.0 = Debug|Any CPU
		{C522AE42-0900-499E-9A83-3E18289CA85F}.Release|Any CPU.ActiveCfg = Release|Any CPU
		{C522AE42-0900-499E-9A83-3E18289CA85F}.Release|Any CPU.Build.0 = Release|Any CPU
		{F2FB4BD1-4C66-4E36-8B05-A2F0B5D2497D}.Debug|Any CPU.ActiveCfg = Debug|Any CPU
		{F2FB4BD1-4C66-4E36-8B05-A2F0B5D2497D}.Debug|Any CPU.Build.0 = Debug|Any CPU
		{F2FB4BD1-4C66-4E36-8B05-A2F0B5D2497D}.Release|Any CPU.ActiveCfg = Release|Any CPU
		{F2FB4BD1-4C66-4E36-8B05-A2F0B5D2497D}.Release|Any CPU.Build.0 = Release|Any CPU
		{E953BC41-F8BA-4679-8941-6ABA9736A7D3}.Debug|Any CPU.ActiveCfg = Debug|Any CPU
		{E953BC41-F8BA-4679-8941-6ABA9736A7D3}.Debug|Any CPU.Build.0 = Debug|Any CPU
		{E953BC41-F8BA-4679-8941-6ABA9736A7D3}.Release|Any CPU.ActiveCfg = Release|Any CPU
		{E953BC41-F8BA-4679-8941-6ABA9736A7D3}.Release|Any CPU.Build.0 = Release|Any CPU
	EndGlobalSection
	GlobalSection(SolutionProperties) = preSolution
		HideSolutionNode = FALSE
	EndGlobalSection
EndGlobal
